
Microsoft Visual Studio Solution File, Format Version 12.00
# Visual Studio Version 16
VisualStudioVersion = 16.0.810.19
MinimumVisualStudioVersion = 10.0.40219.1
Project("{FAE04EC0-301F-11D3-BF4B-00C04F79EFBC}") = "Task_5", "Task_5\Task_5.csproj", "{2E8754EE-91AD-4BB2-9C65-C50E345C2464}"
EndProject
Global
	GlobalSection(SolutionConfigurationPlatforms) = preSolution
		Debug|Any CPU = Debug|Any CPU
		Release|Any CPU = Release|Any CPU
	EndGlobalSection
	GlobalSection(ProjectConfigurationPlatforms) = postSolution
		{2E8754EE-91AD-4BB2-9C65-C50E345C2464}.Debug|Any CPU.ActiveCfg = Debug|Any CPU
		{2E8754EE-91AD-4BB2-9C65-C50E345C2464}.Debug|Any CPU.Build.0 = Debug|Any CPU
		{2E8754EE-91AD-4BB2-9C65-C50E345C2464}.Release|Any CPU.ActiveCfg = Release|Any CPU
		{2E8754EE-91AD-4BB2-9C65-C50E345C2464}.Release|Any CPU.Build.0 = Release|Any CPU
	EndGlobalSection
	GlobalSection(SolutionProperties) = preSolution
		HideSolutionNode = FALSE
	EndGlobalSection
	GlobalSection(ExtensibilityGlobals) = postSolution
		SolutionGuid = {9DF281FF-4168-463E-B216-1B0E603BF443}
	EndGlobalSection
EndGlobal
